
Microsoft Visual Studio Solution File, Format Version 12.00
# Visual Studio Version 16
VisualStudioVersion = 16.0.29920.165
MinimumVisualStudioVersion = 10.0.40219.1
Project("{FAE04EC0-301F-11D3-BF4B-00C04F79EFBC}") = "GroceryList", "GroceryList\GroceryList.csproj", "{8EBD8878-376F-41E6-9A3C-A25041B6722D}"
EndProject
Project("{FAE04EC0-301F-11D3-BF4B-00C04F79EFBC}") = "GroceryList.DAL", "GroceryList.DAL\GroceryList.DAL.csproj", "{1DABDC1F-0B84-4F13-9470-FFF6929BD98B}"
EndProject
Project("{FAE04EC0-301F-11D3-BF4B-00C04F79EFBC}") = "GroceryList.BLL", "GroceryList.BLL\GroceryList.BLL.csproj", "{9AB27F75-89B7-4EF8-867F-2F3F9104DC79}"
EndProject
Global
	GlobalSection(SolutionConfigurationPlatforms) = preSolution
		Debug|Any CPU = Debug|Any CPU
		Release|Any CPU = Release|Any CPU
	EndGlobalSection
	GlobalSection(ProjectConfigurationPlatforms) = postSolution
		{8EBD8878-376F-41E6-9A3C-A25041B6722D}.Debug|Any CPU.ActiveCfg = Debug|Any CPU
		{8EBD8878-376F-41E6-9A3C-A25041B6722D}.Debug|Any CPU.Build.0 = Debug|Any CPU
		{8EBD8878-376F-41E6-9A3C-A25041B6722D}.Release|Any CPU.ActiveCfg = Release|Any CPU
		{8EBD8878-376F-41E6-9A3C-A25041B6722D}.Release|Any CPU.Build.0 = Release|Any CPU
		{1DABDC1F-0B84-4F13-9470-FFF6929BD98B}.Debug|Any CPU.ActiveCfg = Debug|Any CPU
		{1DABDC1F-0B84-4F13-9470-FFF6929BD98B}.Debug|Any CPU.Build.0 = Debug|Any CPU
		{1DABDC1F-0B84-4F13-9470-FFF6929BD98B}.Release|Any CPU.ActiveCfg = Release|Any CPU
		{1DABDC1F-0B84-4F13-9470-FFF6929BD98B}.Release|Any CPU.Build.0 = Release|Any CPU
		{9AB27F75-89B7-4EF8-867F-2F3F9104DC79}.Debug|Any CPU.ActiveCfg = Debug|Any CPU
		{9AB27F75-89B7-4EF8-867F-2F3F9104DC79}.Debug|Any CPU.Build.0 = Debug|Any CPU
		{9AB27F75-89B7-4EF8-867F-2F3F9104DC79}.Release|Any CPU.ActiveCfg = Release|Any CPU
		{9AB27F75-89B7-4EF8-867F-2F3F9104DC79}.Release|Any CPU.Build.0 = Release|Any CPU
	EndGlobalSection
	GlobalSection(SolutionProperties) = preSolution
		HideSolutionNode = FALSE
	EndGlobalSection
	GlobalSection(ExtensibilityGlobals) = postSolution
		SolutionGuid = {AC21BE33-985A-469F-8DC8-C2973BB1A474}
	EndGlobalSection
EndGlobal
